{
  "requires": true,
  "lockfileVersion": 1,
  "dependencies": {
    "inputmask": {
      "version": "4.0.8",
      "resolved": "https://registry.npmjs.org/inputmask/-/inputmask-4.0.8.tgz",
      "integrity": "sha512-y7TbHasd4tGgOxk1PBF6zZLBzfKt3a5qySF3KuKVNaeuptDpp52jhYOmw1tBJwRxrpJ4s+BOFmWKYsQqjp+r/w=="
    },
    "signature_pad": {
      "version": "file:web/libraries/signature_pad"
    },
    "yuicompressor": {
      "version": "2.4.8",
      "resolved": "https://registry.npmjs.org/yuicompressor/-/yuicompressor-2.4.8.tgz",
      "integrity": "sha1-mNJnUfFm49uRmy/j6nz2Qt6ZjYs="
    }
  }
}
