{
  "requires": true,
  "lockfileVersion": 1,
  "dependencies": {
    "jquery.soap": {
      "version": "1.7.3",
      "resolved": "https://registry.npmjs.org/jquery.soap/-/jquery.soap-1.7.3.tgz",
      "integrity": "sha512-ZNMQ2Rmy8uQ/4CSJMz0IDZCYhdmT+SiAlLFMGDPvygthZfEsbj9TLPATBIjotx5STyTooRZBgmoaHbAXEAID1A==",
      "requires": {
        "jquery": ">=1.9.0"
      },
      "dependencies": {
        "jquery": {
          "version": "3.4.1",
          "resolved": "https://registry.npmjs.org/jquery/-/jquery-3.4.1.tgz",
          "integrity": "sha512-36+AdBzCL+y6qjw5Tx7HgzeGCzC81MDDgaUP8ld2zhx58HdqXGoBd+tHdrBMiyjGQs0Hxs/MLZTu/eHNJJuWPw=="
        }
      }
    },
    "signature_pad": {
      "version": "file:web/libraries/signature_pad"
    },
    "yuicompressor": {
      "version": "2.4.8",
      "resolved": "https://registry.npmjs.org/yuicompressor/-/yuicompressor-2.4.8.tgz",
      "integrity": "sha1-mNJnUfFm49uRmy/j6nz2Qt6ZjYs="
    }
  }
}
